// !$*UTF8*$!
{
	archiveVersion = 1;
	classes = {
	};
	objectVersion = 46;
	objects = {

/* Begin PBXBuildFile section */
		1E1948E71CDA3F930094AA77 /* main.cpp in Sources */ = {isa = PBXBuildFile; fileRef = 1E1948E61CDA3F930094AA77 /* main.cpp */; };
/* End PBXBuildFile section */

/* Begin PBXCopyFilesBuildPhase section */
		1E1948E11CDA3F930094AA77 /* CopyFiles */ = {
			isa = PBXCopyFilesBuildPhase;
			buildActionMask = 2147483647;
			dstPath = /usr/share/man/man1/;
			dstSubfolderSpec = 0;
			files = (
			);
			runOnlyForDeploymentPostprocessing = 1;
		};
/* End PBXCopyFilesBuildPhase section */

/* Begin PBXFileReference section */
		1E1948E31CDA3F930094AA77 /* finalProject */ = {isa = PBXFileReference; explicitFileType = "compiled.mach-o.executable"; includeInIndex = 0; path = finalProject; sourceTree = BUILT_PRODUCTS_DIR; };
		1E1948E61CDA3F930094AA77 /* main.cpp */ = {isa = PBXFileReference; lastKnownFileType = sourcecode.cpp.cpp; path = main.cpp; sourceTree = "<group>"; };
		1E1948ED1CDA3FD90094AA77 /* airlinexml.h */ = {isa = PBXFileReference; lastKnownFileType = sourcecode.c.h; path = airlinexml.h; sourceTree = "<group>"; };
		1E1948EE1CDA3FD90094AA77 /* airportxml.h */ = {isa = PBXFileReference; lastKnownFileType = sourcecode.c.h; path = airportxml.h; sourceTree = "<group>"; };
		1E1948EF1CDA3FD90094AA77 /* dijkstra.h */ = {isa = PBXFileReference; lastKnownFileType = sourcecode.c.h; path = dijkstra.h; sourceTree = "<group>"; };
		1E1948F01CDA3FD90094AA77 /* graph.h */ = {isa = PBXFileReference; lastKnownFileType = sourcecode.c.h; path = graph.h; sourceTree = "<group>"; };
		1E1948F11CDA3FD90094AA77 /* routexml.h */ = {isa = PBXFileReference; lastKnownFileType = sourcecode.c.h; path = routexml.h; sourceTree = "<group>"; };
		1E1948F21CDA3FD90094AA77 /* updatexml.h */ = {isa = PBXFileReference; lastKnownFileType = sourcecode.c.h; path = updatexml.h; sourceTree = "<group>"; };
/* End PBXFileReference section */

/* Begin PBXFrameworksBuildPhase section */
		1E1948E01CDA3F930094AA77 /* Frameworks */ = {
			isa = PBXFrameworksBuildPhase;
			buildActionMask = 2147483647;
			files = (
			);
			runOnlyForDeploymentPostprocessing = 0;
		};
/* End PBXFrameworksBuildPhase section */

/* Begin PBXGroup section */
		1E1948DA1CDA3F930094AA77 = {
			isa = PBXGroup;
			children = (
				1E1948E51CDA3F930094AA77 /* finalProject */,
				1E1948E41CDA3F930094AA77 /* Products */,
			);
			sourceTree = "<group>";
		};
		1E1948E41CDA3F930094AA77 /* Products */ = {
			isa = PBXGroup;
			children = (
				1E1948E31CDA3F930094AA77 /* finalProject */,
			);
			name = Products;
			sourceTree = "<group>";
		};
		1E1948E51CDA3F930094AA77 /* finalProject */ = {
			isa = PBXGroup;
			children = (
				1E1948E61CDA3F930094AA77 /* main.cpp */,
				1E1948ED1CDA3FD90094AA77 /* airlinexml.h */,
				1E1948EE1CDA3FD90094AA77 /* airportxml.h */,
				1E1948EF1CDA3FD90094AA77 /* dijkstra.h */,
				1E1948F01CDA3FD90094AA77 /* graph.h */,
				1E1948F11CDA3FD90094AA77 /* routexml.h */,
				1E1948F21CDA3FD90094AA77 /* updatexml.h */,
			);
			path = finalProject;
			sourceTree = "<group>";
		};
/* End PBXGroup section */

/* Begin PBXNativeTarget section */
		1E1948E21CDA3F930094AA77 /* finalProject */ = {
			isa = PBXNativeTarget;
			buildConfigurationList = 1E1948EA1CDA3F930094AA77 /* Build configuration list for PBXNativeTarget "finalProject" */;
			buildPhases = (
				1E1948DF1CDA3F930094AA77 /* Sources */,
				1E1948E01CDA3F930094AA77 /* Frameworks */,
				1E1948E11CDA3F930094AA77 /* CopyFiles */,
			);
			buildRules = (
			);
			dependencies = (
			);
			name = finalProject;
			productName = finalProject;
			productReference = 1E1948E31CDA3F930094AA77 /* finalProject */;
			productType = "com.apple.product-type.tool";
		};
/* End PBXNativeTarget section */

/* Begin PBXProject section */
		1E1948DB1CDA3F930094AA77 /* Project object */ = {
			isa = PBXProject;
			attributes = {
				LastUpgradeCheck = 0730;
				ORGANIZATIONNAME = "Allen Wang";
				TargetAttributes = {
					1E1948E21CDA3F930094AA77 = {
						CreatedOnToolsVersion = 7.3;
					};
				};
			};
			buildConfigurationList = 1E1948DE1CDA3F930094AA77 /* Build configuration list for PBXProject "finalProject" */;
			compatibilityVersion = "Xcode 3.2";
			developmentRegion = English;
			hasScannedForEncodings = 0;
			knownRegions = (
				en,
			);
			mainGroup = 1E1948DA1CDA3F930094AA77;
			productRefGroup = 1E1948E41CDA3F930094AA77 /* Products */;
			projectDirPath = "";
			projectRoot = "";
			targets = (
				1E1948E21CDA3F930094AA77 /* finalProject */,
			);
		};
/* End PBXProject section */

/* Begin PBXSourcesBuildPhase section */
		1E1948DF1CDA3F930094AA77 /* Sources */ = {
			isa = PBXSourcesBuildPhase;
			buildActionMask = 2147483647;
			files = (
				1E1948E71CDA3F930094AA77 /* main.cpp in Sources */,
			);
			runOnlyForDeploymentPostprocessing = 0;
		};
/* End PBXSourcesBuildPhase section */

/* Begin XCBuildConfiguration section */
		1E1948E81CDA3F930094AA77 /* Debug */ = {
			isa = XCBuildConfiguration;
			buildSettings = {
				ALWAYS_SEARCH_USER_PATHS = NO;
				CLANG_ANALYZER_NONNULL = YES;
				CLANG_CXX_LANGUAGE_STANDARD = "gnu++0x";
				CLANG_CXX_LIBRARY = "libc++";
				CLANG_ENABLE_MODULES = YES;
				CLANG_ENABLE_OBJC_ARC = YES;
				CLANG_WARN_BOOL_CONVERSION = YES;
				CLANG_WARN_CONSTANT_CONVERSION = YES;
				CLANG_WARN_DIRECT_OBJC_ISA_USAGE = YES_ERROR;
				CLANG_WARN_EMPTY_BODY = YES;
				CLANG_WARN_ENUM_CONVERSION = YES;
				CLANG_WARN_INT_CONVERSION = YES;
				CLANG_WARN_OBJC_ROOT_CLASS = YES_ERROR;
				CLANG_WARN_UNREACHABLE_CODE = YES;
				CLANG_WARN__DUPLICATE_METHOD_MATCH = YES;
				CODE_SIGN_IDENTITY = "-";
				COPY_PHASE_STRIP = NO;
				DEBUG_INFORMATION_FORMAT = dwarf;
				ENABLE_STRICT_OBJC_MSGSEND = YES;
				ENABLE_TESTABILITY = YES;
				GCC_C_LANGUAGE_STANDARD = gnu99;
				GCC_DYNAMIC_NO_PIC = NO;
				GCC_NO_COMMON_BLOCKS = YES;
				GCC_OPTIMIZATION_LEVEL = 0;
				GCC_PREPROCESSOR_DEFINITIONS = (
					"DEBUG=1",
					"$(inherited)",
				);
				GCC_WARN_64_TO_32_BIT_CONVERSION = YES;
				GCC_WARN_ABOUT_RETURN_TYPE = YES_ERROR;
				GCC_WARN_UNDECLARED_SELECTOR = YES;
				GCC_WARN_UNINITIALIZED_AUTOS = YES_AGGRESSIVE;
				GCC_WARN_UNUSED_FUNCTION = YES;
				GCC_WARN_UNUSED_VARIABLE = YES;
				MACOSX_DEPLOYMENT_TARGET = 10.11;
				MTL_ENABLE_DEBUG_INFO = YES;
				ONLY_ACTIVE_ARCH = YES;
				SDKROOT = macosx;
			};
			name = Debug;
		};
		1E1948E91CDA3F930094AA77 /* Release */ = {
			isa = XCBuildConfiguration;
			buildSettings = {
				ALWAYS_SEARCH_USER_PATHS = NO;
				CLANG_ANALYZER_NONNULL = YES;
				CLANG_CXX_LANGUAGE_STANDARD = "gnu++0x";
				CLANG_CXX_LIBRARY = "libc++";
				CLANG_ENABLE_MODULES = YES;
				CLANG_ENABLE_OBJC_ARC = YES;
				CLANG_WARN_BOOL_CONVERSION = YES;
				CLANG_WARN_CONSTANT_CONVERSION = YES;
				CLANG_WARN_DIRECT_OBJC_ISA_USAGE = YES_ERROR;
				CLANG_WARN_EMPTY_BODY = YES;
				CLANG_WARN_ENUM_CONVERSION = YES;
				CLANG_WARN_INT_CONVERSION = YES;
				CLANG_WARN_OBJC_ROOT_CLASS = YES_ERROR;
				CLANG_WARN_UNREACHABLE_CODE = YES;
				CLANG_WARN__DUPLICATE_METHOD_MATCH = YES;
				CODE_SIGN_IDENTITY = "-";
				COPY_PHASE_STRIP = NO;
				DEBUG_INFORMATION_FORMAT = "dwarf-with-dsym";
				ENABLE_NS_ASSERTIONS = NO;
				ENABLE_STRICT_OBJC_MSGSEND = YES;
				GCC_C_LANGUAGE_STANDARD = gnu99;
				GCC_NO_COMMON_BLOCKS = YES;
				GCC_WARN_64_TO_32_BIT_CONVERSION = YES;
				GCC_WARN_ABOUT_RETURN_TYPE = YES_ERROR;
				GCC_WARN_UNDECLARED_SELECTOR = YES;
				GCC_WARN_UNINITIALIZED_AUTOS = YES_AGGRESSIVE;
				GCC_WARN_UNUSED_FUNCTION = YES;
				GCC_WARN_UNUSED_VARIABLE = YES;
				MACOSX_DEPLOYMENT_TARGET = 10.11;
				MTL_ENABLE_DEBUG_INFO = NO;
				SDKROOT = macosx;
			};
			name = Release;
		};
		1E1948EB1CDA3F930094AA77 /* Debug */ = {
			isa = XCBuildConfiguration;
			buildSettings = {
				PRODUCT_NAME = "$(TARGET_NAME)";
			};
			name = Debug;
		};
		1E1948EC1CDA3F930094AA77 /* Release */ = {
			isa = XCBuildConfiguration;
			buildSettings = {
				PRODUCT_NAME = "$(TARGET_NAME)";
			};
			name = Release;
		};
/* End XCBuildConfiguration section */

/* Begin XCConfigurationList section */
		1E1948DE1CDA3F930094AA77 /* Build configuration list for PBXProject "finalProject" */ = {
			isa = XCConfigurationList;
			buildConfigurations = (
				1E1948E81CDA3F930094AA77 /* Debug */,
				1E1948E91CDA3F930094AA77 /* Release */,
			);
			defaultConfigurationIsVisible = 0;
			defaultConfigurationName = Release;
		};
		1E1948EA1CDA3F930094AA77 /* Build configuration list for PBXNativeTarget "finalProject" */ = {
			isa = XCConfigurationList;
			buildConfigurations = (
				1E1948EB1CDA3F930094AA77 /* Debug */,
				1E1948EC1CDA3F930094AA77 /* Release */,
			);
			defaultConfigurationIsVisible = 0;
		};
/* End XCConfigurationList section */
	};
	rootObject = 1E1948DB1CDA3F930094AA77 /* Project object */;
}
